{
  "version": 4,
  "terraform_version": "1.12.2",
  "serial": 6,
  "lineage": "fcb7e1f2-10b3-19b5-fee8-5ca78f8686b1",
  "outputs": {
    "cilium_namespace": {
      "value": "kube-system",
      "type": "string"
    },
    "cilium_release_name": {
      "value": "cilium",
      "type": "string"
    },
    "cilium_status": {
      "value": "deployed",
      "type": "string"
    },
    "cilium_version": {
      "value": "1.17.1",
      "type": "string"
    },
    "cluster_name": {
      "value": "",
      "type": "string"
    },
    "environment": {
      "value": "development",
      "type": "string"
    },
    "helm_chart_version": {
      "value": "1.17.1",
      "type": "string"
    },
    "hubble_ui_enabled": {
      "value": true,
      "type": "bool"
    },
    "kube_proxy_replacement": {
      "value": true,
      "type": "bool"
    },
    "values_file_used": {
      "value": "../../helm/cilium/values.yaml",
      "type": "string"
    },
    "verification_commands": {
      "value": [
        "kubectl get pods -n kube-system -l k8s-app=cilium",
        "kubectl get nodes",
        "cilium status --wait",
        "kubectl port-forward -n kube-system svc/hubble-ui 12000:80"
      ],
      "type": [
        "tuple",
        [
          "string",
          "string",
          "string",
          "string"
        ]
      ]
    }
  },
  "resources": [
    {
      "mode": "data",
      "type": "terraform_remote_state",
      "name": "kind",
      "provider": "provider[\"terraform.io/builtin/terraform\"]",
      "instances": [
        {
          "schema_version": 0,
          "attributes": {
            "backend": "local",
            "config": {
              "value": {
                "path": "../kind/terraform.tfstate"
              },
              "type": [
                "object",
                {
                  "path": "string"
                }
              ]
            },
            "defaults": null,
            "outputs": {
              "value": {
                "api_server_host": "iac-lab-control-plane",
                "api_server_port": 6443,
                "cluster_ca_certificate": "-----BEGIN CERTIFICATE-----\nMIIDBTCCAe2gAwIBAgIIUPKI4vgonTUwDQYJKoZIhvcNAQELBQAwFTETMBEGA1UE\nAxMKa3ViZXJuZXRlczAeFw0yNTA4MTAxMzAzNDhaFw0zNTA4MDgxMzA4NDhaMBUx\nEzARBgNVBAMTCmt1YmVybmV0ZXMwggEiMA0GCSqGSIb3DQEBAQUAA4IBDwAwggEK\nAoIBAQDDqzA6s9+7E2a8KAYNRGLEsi6zj8+2IimgFbjzFwv9O9Fr6IVrVHJW+V6e\nVTXMPdPyNbq+ZgUh7OzqWhya/qbfhX7FbJF5iSuh1h/+GOc82pjOXebPNfYkqPim\nASMed6662SflOEUKYN7Z3uwn9KTjWLCnKinTwF47J5TAgM4W+SIW4M0cpVEgk7iv\nFUkgfZY574V0ZNeDB5SGupAAiutKA3ENvKjb1+cFIOSj959aGChtDBLRM43UKbOs\ndjgsYvN6MN4M9eNjxSbLSDHjqWsmcgS0MxO02hUeeu7psHeUZJJOZJXC82gmNn15\nVbQsjXW7GXF8GoYDxg8sS03sNVt5AgMBAAGjWTBXMA4GA1UdDwEB/wQEAwICpDAP\nBgNVHRMBAf8EBTADAQH/MB0GA1UdDgQWBBQRnsFmygkLOPUJrbzbOHveQdaGcjAV\nBgNVHREEDjAMggprdWJlcm5ldGVzMA0GCSqGSIb3DQEBCwUAA4IBAQBSP/ef++YC\n1RVW5Sz5y7t5cI2kNrhPc82Qlj8bdbo36SWkDaLw2LNS0m88xp9GPMZvgIMTuPmP\nrLAtfY8wXLi+ihhI2nguNcnPel6TI3/Q7d6fujAMIiXi3gyhQIi3FuloLKeU89cD\n5vEqDxq+L5Wl4Sjqzdxf+kaLX7OzBdRwTbgrBXojReHIGeTIupxamygxqiK1xp3B\nwM9WzsRXBtZjwGvoqNdY1ZgyZQqgqV8qdV6wfS55NrvmZRa+5KQS979xD/ccxA8n\nzzXCvkf/YkelV4ZRLPGHhP6YkF3GwvePoEwDWkhUqgKQZqkC4wuVBwDd2tD//p+z\nc1A1rz0YZJo3\n-----END CERTIFICATE-----\n",
                "cluster_endpoint": "https://127.0.0.1:63436",
                "cluster_name": "iac-lab",
                "cluster_ready": true,
                "cni_disabled": true,
                "control_plane_count": 1,
                "kubeconfig_path": "/Users/canux/Code/github/crazy-canux/IaC/terraform/kind/iac-lab-config",
                "kubernetes_version": "v1.33.1",
                "node_count": 4,
                "pod_subnet": "10.244.0.0/16",
                "service_subnet": "10.96.0.0/12",
                "worker_count": 3
              },
              "type": [
                "object",
                {
                  "api_server_host": "string",
                  "api_server_port": "number",
                  "cluster_ca_certificate": "string",
                  "cluster_endpoint": "string",
                  "cluster_name": "string",
                  "cluster_ready": "bool",
                  "cni_disabled": "bool",
                  "control_plane_count": "number",
                  "kubeconfig_path": "string",
                  "kubernetes_version": "string",
                  "node_count": "number",
                  "pod_subnet": "string",
                  "service_subnet": "string",
                  "worker_count": "number"
                }
              ]
            },
            "workspace": null
          },
          "sensitive_attributes": [],
          "identity_schema_version": 0
        }
      ]
    },
    {
      "mode": "managed",
      "type": "helm_release",
      "name": "cilium",
      "provider": "provider[\"registry.terraform.io/hashicorp/helm\"]",
      "instances": [
        {
          "status": "tainted",
          "schema_version": 1,
          "attributes": {
            "atomic": false,
            "chart": "cilium",
            "cleanup_on_fail": true,
            "create_namespace": false,
            "dependency_update": false,
            "description": null,
            "devel": null,
            "disable_crd_hooks": false,
            "disable_openapi_validation": false,
            "disable_webhooks": false,
            "force_update": false,
            "id": "cilium",
            "keyring": null,
            "lint": false,
            "manifest": null,
            "max_history": 0,
            "metadata": [
              {
                "app_version": "1.17.1",
                "chart": "cilium",
                "first_deployed": 1754832660,
                "last_deployed": 1754832660,
                "name": "cilium",
                "namespace": "kube-system",
                "notes": "\n        You have successfully installed Cilium with Hubble Relay and Hubble UI.\n\nYour release version is 1.17.1.\n\nFor any further help, visit https://docs.cilium.io/en/v1.17/gettinghelp\n",
                "revision": 1,
                "values": "{\"autoDirectNodeRoutes\":true,\"bgp\":{\"enabled\":false},\"cluster\":{\"name\":\"iac-lab\"},\"debug\":{\"enabled\":false},\"healthChecking\":true,\"hubble\":{\"enabled\":true,\"relay\":{\"enabled\":true,\"image\":{\"repository\":\"quay.io/cilium/hubble-relay\",\"tag\":\"v1.17.1\"}},\"ui\":{\"enabled\":true,\"image\":{\"repository\":\"quay.io/cilium/hubble-ui\",\"tag\":\"v0.13.1\"},\"service\":{\"nodePort\":31234,\"type\":\"NodePort\"}}},\"image\":{\"pullPolicy\":\"IfNotPresent\",\"repository\":\"quay.io/cilium/cilium\",\"tag\":\"v1.17.1\"},\"ipam\":{\"mode\":\"kubernetes\"},\"ipv4\":{\"enabled\":true},\"ipv6\":{\"enabled\":false},\"k8sClientRateLimit\":{\"burst\":20,\"qps\":10},\"k8sServiceHost\":\"iac-lab-control-plane\",\"k8sServicePort\":6443,\"kubeProxyReplacement\":true,\"loadBalancer\":{\"algorithm\":\"random\",\"mode\":\"snat\"},\"nodeSelector\":{},\"operator\":{\"image\":{\"pullPolicy\":\"IfNotPresent\",\"repository\":\"quay.io/cilium/operator\",\"tag\":\"v1.17.1\"},\"replicas\":1},\"policyAuditMode\":false,\"policyEnforcementMode\":\"default\",\"prometheus\":{\"enabled\":true,\"serviceMonitor\":{\"enabled\":false}},\"resources\":{\"limits\":{\"cpu\":\"1000m\",\"memory\":\"1Gi\"},\"requests\":{\"cpu\":\"100m\",\"memory\":\"128Mi\"}},\"routingMode\":\"native\",\"tolerations\":[{\"operator\":\"Exists\"}]}",
                "version": "1.17.1"
              }
            ],
            "name": "cilium",
            "namespace": "kube-system",
            "pass_credentials": false,
            "postrender": [],
            "recreate_pods": true,
            "render_subchart_notes": true,
            "replace": false,
            "repository": "https://helm.cilium.io/",
            "repository_ca_file": null,
            "repository_cert_file": null,
            "repository_key_file": null,
            "repository_password": null,
            "repository_username": null,
            "reset_values": false,
            "reuse_values": false,
            "set": [
              {
                "name": "cluster.name",
                "type": "",
                "value": "iac-lab"
              },
              {
                "name": "hubble.ui.enabled",
                "type": "",
                "value": "true"
              },
              {
                "name": "image.pullPolicy",
                "type": "",
                "value": "IfNotPresent"
              },
              {
                "name": "ipam.mode",
                "type": "",
                "value": "kubernetes"
              },
              {
                "name": "k8sServiceHost",
                "type": "",
                "value": "iac-lab-control-plane"
              },
              {
                "name": "k8sServicePort",
                "type": "",
                "value": "6443"
              },
              {
                "name": "kubeProxyReplacement",
                "type": "",
                "value": "true"
              }
            ],
            "set_list": [],
            "set_sensitive": [],
            "skip_crds": false,
            "status": "failed",
            "timeout": 600,
            "upgrade_install": null,
            "values": [
              "# Cilium Helm Values for Kind Clusters\n# Optimized configuration for local development with Kind\n\n# Image configuration\nimage:\n  repository: \"quay.io/cilium/cilium\"\n  tag: \"v1.17.1\"\n  pullPolicy: \"IfNotPresent\"\n\n# Operator configuration\noperator:\n  image:\n    repository: \"quay.io/cilium/operator\"\n    tag: \"v1.17.1\"\n    pullPolicy: \"IfNotPresent\"\n  replicas: 1  # Single replica for Kind clusters\n\n# IPAM (IP Address Management)\nipam:\n  mode: kubernetes  # Use Kubernetes native IPAM\n\n# Networking configuration\ncluster:\n  name: \"kind-cluster\"\n\n# Kube-proxy replacement\nkubeProxyReplacement: true\n\n# Enable IPv4 and disable IPv6 for simplicity\nipv4:\n  enabled: true\nipv6:\n  enabled: false\n\n# BGP configuration (disabled for Kind)\nbgp:\n  enabled: false\n\n# Routing mode\nroutingMode: \"native\"\nautoDirectNodeRoutes: true\n\n# Tunnel configuration - removed deprecated option\n# tunnel: \"disabled\"  # Deprecated in v1.15 - use routingMode instead\n\n# Security and policies\npolicyEnforcementMode: \"default\"\npolicyAuditMode: false\n\n# Hubble (observability)\nhubble:\n  enabled: true\n  relay:\n    enabled: true\n    image:\n      repository: \"quay.io/cilium/hubble-relay\"\n      tag: \"v1.17.1\"\n  ui:\n    enabled: true\n    image:\n      repository: \"quay.io/cilium/hubble-ui\"\n      tag: \"v0.13.1\"\n    service:\n      type: NodePort\n      nodePort: 31234\n\n# Debug and development settings\ndebug:\n  enabled: false\n\n# Resource requirements (optimized for Kind)\nresources:\n  limits:\n    cpu: 1000m\n    memory: 1Gi\n  requests:\n    cpu: 100m\n    memory: 128Mi\n\n# Node selector and tolerations\nnodeSelector: {}\ntolerations:\n  - operator: Exists\n\n# Prometheus monitoring\nprometheus:\n  enabled: true\n  serviceMonitor:\n    enabled: false  # Disable unless you have Prometheus operator\n\n# Health checking\nhealthChecking: true\n\n# Load balancing\nloadBalancer:\n  algorithm: \"random\"\n  mode: \"snat\"\n\n# Container runtime - removed deprecated option\n# containerRuntime:\n#   integration: \"containerd\"  # Deprecated in v1.16\n\n# Kubernetes service configuration\nk8sServiceHost: \"kind-control-plane\"\nk8sServicePort: 6443\n\n# Enable API rate limiting\nk8sClientRateLimit:\n  qps: 10\n  burst: 20\n"
            ],
            "verify": false,
            "version": "1.17.1",
            "wait": true,
            "wait_for_jobs": false
          },
          "sensitive_attributes": [
            [
              {
                "type": "get_attr",
                "value": "repository_password"
              }
            ]
          ],
          "identity_schema_version": 0,
          "private": "eyJzY2hlbWFfdmVyc2lvbiI6IjEifQ==",
          "dependencies": [
            "data.terraform_remote_state.kind",
            "time_sleep.wait_for_cluster"
          ]
        }
      ]
    },
    {
      "mode": "managed",
      "type": "time_sleep",
      "name": "wait_for_cluster",
      "provider": "provider[\"registry.terraform.io/hashicorp/time\"]",
      "instances": [
        {
          "schema_version": 0,
          "attributes": {
            "create_duration": "30s",
            "destroy_duration": null,
            "id": "2025-08-10T13:20:21Z",
            "triggers": null
          },
          "sensitive_attributes": [],
          "identity_schema_version": 0
        }
      ]
    }
  ],
  "check_results": [
    {
      "object_kind": "var",
      "config_addr": "var.cilium_version",
      "status": "pass",
      "objects": [
        {
          "object_addr": "var.cilium_version",
          "status": "pass"
        }
      ]
    },
    {
      "object_kind": "var",
      "config_addr": "var.environment",
      "status": "pass",
      "objects": [
        {
          "object_addr": "var.environment",
          "status": "pass"
        }
      ]
    }
  ]
}
